
Microsoft Visual Studio Solution File, Format Version 12.00
# Visual Studio Version 16
VisualStudioVersion = 16.0.31205.134
MinimumVisualStudioVersion = 10.0.40219.1
Project("{9A19103F-16F7-4668-BE54-9A1E7A4F7556}") = "ForumDemo", ".\ForumDemo\ForumDemo.csproj", "{1A47644E-C409-4193-9A3F-C4C6679F001B}"
EndProject
Project("{FAE04EC0-301F-11D3-BF4B-00C04F79EFBC}") = "ForumDemoTests", ".\ForumDemoTests\ForumDemoTests.csproj", "{871C1AB7-F684-41A2-8DD5-03232D2D3F33}"
EndProject
Global
	GlobalSection(SolutionConfigurationPlatforms) = preSolution
		Debug|Any CPU = Debug|Any CPU
		Release|Any CPU = Release|Any CPU
	EndGlobalSection
	GlobalSection(ProjectConfigurationPlatforms) = postSolution
		{1A47644E-C409-4193-9A3F-C4C6679F001B}.Debug|Any CPU.ActiveCfg = Debug|Any CPU
		{1A47644E-C409-4193-9A3F-C4C6679F001B}.Debug|Any CPU.Build.0 = Debug|Any CPU
		{1A47644E-C409-4193-9A3F-C4C6679F001B}.Release|Any CPU.ActiveCfg = Release|Any CPU
		{1A47644E-C409-4193-9A3F-C4C6679F001B}.Release|Any CPU.Build.0 = Release|Any CPU
		{871C1AB7-F684-41A2-8DD5-03232D2D3F33}.Debug|Any CPU.ActiveCfg = Debug|Any CPU
		{871C1AB7-F684-41A2-8DD5-03232D2D3F33}.Debug|Any CPU.Build.0 = Debug|Any CPU
		{871C1AB7-F684-41A2-8DD5-03232D2D3F33}.Release|Any CPU.ActiveCfg = Release|Any CPU
		{871C1AB7-F684-41A2-8DD5-03232D2D3F33}.Release|Any CPU.Build.0 = Release|Any CPU
	EndGlobalSection
	GlobalSection(SolutionProperties) = preSolution
		HideSolutionNode = FALSE
	EndGlobalSection
	GlobalSection(ExtensibilityGlobals) = postSolution
		SolutionGuid = {6B15B24C-0226-4D13-8D45-0762D64BDA60}
	EndGlobalSection
EndGlobal
